
Microsoft Visual Studio Solution File, Format Version 12.00
Project("{FAE04EC0-301F-11D3-BF4B-00C04F79EFBC}") = "Asystent", "Asystent\Asystent.csproj", "{8D1B8A6D-817F-4C43-BEE5-18C51DAD5143}"
EndProject
Global
	GlobalSection(SolutionConfigurationPlatforms) = preSolution
		Debug|Any CPU = Debug|Any CPU
		Release|Any CPU = Release|Any CPU
	EndGlobalSection
	GlobalSection(ProjectConfigurationPlatforms) = postSolution
		{8D1B8A6D-817F-4C43-BEE5-18C51DAD5143}.Debug|Any CPU.ActiveCfg = Debug|Any CPU
		{8D1B8A6D-817F-4C43-BEE5-18C51DAD5143}.Debug|Any CPU.Build.0 = Debug|Any CPU
		{8D1B8A6D-817F-4C43-BEE5-18C51DAD5143}.Release|Any CPU.ActiveCfg = Release|Any CPU
		{8D1B8A6D-817F-4C43-BEE5-18C51DAD5143}.Release|Any CPU.Build.0 = Release|Any CPU
	EndGlobalSection
EndGlobal
